
Microsoft Visual Studio Solution File, Format Version 12.00
# Visual Studio Version 16
VisualStudioVersion = 16.0.31624.102
MinimumVisualStudioVersion = 10.0.40219.1
Project("{FAE04EC0-301F-11D3-BF4B-00C04F79EFBC}") = "Tenis", "Tenis\Tenis.csproj", "{245E63A5-875F-4C26-A054-38D491D3DCD2}"
EndProject
Project("{FAE04EC0-301F-11D3-BF4B-00C04F79EFBC}") = "TennisDall", "Tenis.Dall\TennisDall.csproj", "{875BF100-F7F3-488D-9F07-9C5A3FDD0622}"
EndProject
Global
	GlobalSection(SolutionConfigurationPlatforms) = preSolution
		Debug|Any CPU = Debug|Any CPU
		Release|Any CPU = Release|Any CPU
	EndGlobalSection
	GlobalSection(ProjectConfigurationPlatforms) = postSolution
		{245E63A5-875F-4C26-A054-38D491D3DCD2}.Debug|Any CPU.ActiveCfg = Debug|Any CPU
		{245E63A5-875F-4C26-A054-38D491D3DCD2}.Debug|Any CPU.Build.0 = Debug|Any CPU
		{245E63A5-875F-4C26-A054-38D491D3DCD2}.Release|Any CPU.ActiveCfg = Release|Any CPU
		{245E63A5-875F-4C26-A054-38D491D3DCD2}.Release|Any CPU.Build.0 = Release|Any CPU
		{875BF100-F7F3-488D-9F07-9C5A3FDD0622}.Debug|Any CPU.ActiveCfg = Debug|Any CPU
		{875BF100-F7F3-488D-9F07-9C5A3FDD0622}.Debug|Any CPU.Build.0 = Debug|Any CPU
		{875BF100-F7F3-488D-9F07-9C5A3FDD0622}.Release|Any CPU.ActiveCfg = Release|Any CPU
		{875BF100-F7F3-488D-9F07-9C5A3FDD0622}.Release|Any CPU.Build.0 = Release|Any CPU
	EndGlobalSection
	GlobalSection(SolutionProperties) = preSolution
		HideSolutionNode = FALSE
	EndGlobalSection
	GlobalSection(ExtensibilityGlobals) = postSolution
		SolutionGuid = {C7C90896-2268-4B0F-B7AA-AFE7304C3FE3}
	EndGlobalSection
EndGlobal
